# This file is auto-generated by: gh aw compile behavioral-test.md
# Do not edit manually. Re-run compile after any frontmatter changes.
# Generated: placeholder (compile required before first run)

name: "Forge Workflow Behavioral Test"
description: "Weekly AI behavioral test: verifies forge /plan phase compliance"
engine:
  type: claude
  model: claude-sonnet-4-6
  max-turns: 20
# SHA-pinned dependencies would be added by gh aw compile
# tools, secrets, and trigger configurations preserved from source
