# This file is auto-generated by: gh aw compile behavioral-test.md
# Do not edit manually. Re-run compile after any frontmatter changes.
# Generated: placeholder (compile required before first run)

name: "Forge Workflow Behavioral Test"
description: "Weekly AI behavioral test: verifies forge /plan phase compliance"
engine:
  type: claude
  model: claude-sonnet-4-6
  max-turns: 20
timeout-minutes: 30
concurrency:
  group: "behavioral-test-${{ github.event.workflow_run.id || github.run_id }}"
  cancel-in-progress: true
safe-outputs:
  allowed-domains: [default-safe-outputs]
  max-patch-size: 512
  max-bot-mentions: 2
# SHA-pinned dependencies would be added by gh aw compile
# tools, secrets, and trigger configurations preserved from source
